// !$*UTF8*$!
{
	archiveVersion = 1;
	classes = {
	};
	objectVersion = 46;
	objects = {

/* Begin PBXBuildFile section */
		AB09EF9E158C44BD00ADDE88 /* bg.png in Resources */ = {isa = PBXBuildFile; fileRef = AB09EF9D158C44BD00ADDE88 /* bg.png */; };
		AB0B23D516B8996F00F8F69C /* libADTClient.a in Frameworks */ = {isa = PBXBuildFile; fileRef = AB0B23B316B897CF00F8F69C /* libADTClient.a */; };
		AB0B23D816B899EE00F8F69C /* Accelerate.framework in Frameworks */ = {isa = PBXBuildFile; fileRef = AB3C08C0154F973300EEFA58 /* Accelerate.framework */; };
		AB0B23D916B899F300F8F69C /* AudioToolbox.framework in Frameworks */ = {isa = PBXBuildFile; fileRef = AB3C08C6154F97C600EEFA58 /* AudioToolbox.framework */; };
		AB0B23DA16B899F900F8F69C /* AdSupport.framework in Frameworks */ = {isa = PBXBuildFile; fileRef = AB3F092A1694D30C00132794 /* AdSupport.framework */; };
		AB2C011716C5D294006F7156 /* QuartzCore.framework in Frameworks */ = {isa = PBXBuildFile; fileRef = AB2C011616C5D294006F7156 /* QuartzCore.framework */; };
		AB3C0869154F96C700EEFA58 /* UIKit.framework in Frameworks */ = {isa = PBXBuildFile; fileRef = AB3C0868154F96C700EEFA58 /* UIKit.framework */; };
		AB3C086B154F96C700EEFA58 /* Foundation.framework in Frameworks */ = {isa = PBXBuildFile; fileRef = AB3C086A154F96C700EEFA58 /* Foundation.framework */; };
		AB3C086D154F96C700EEFA58 /* CoreGraphics.framework in Frameworks */ = {isa = PBXBuildFile; fileRef = AB3C086C154F96C700EEFA58 /* CoreGraphics.framework */; };
		AB3C0896154F96E900EEFA58 /* ADTAppDelegate.m in Sources */ = {isa = PBXBuildFile; fileRef = AB3C088A154F96E900EEFA58 /* ADTAppDelegate.m */; };
		AB3C0897154F96E900EEFA58 /* ADTViewController.m in Sources */ = {isa = PBXBuildFile; fileRef = AB3C088C154F96E900EEFA58 /* ADTViewController.m */; };
		AB3C0899154F96E900EEFA58 /* InfoPlist.strings in Resources */ = {isa = PBXBuildFile; fileRef = AB3C088F154F96E900EEFA58 /* InfoPlist.strings */; };
		AB3C089B154F96E900EEFA58 /* MainStoryboard_iPhone.storyboard in Resources */ = {isa = PBXBuildFile; fileRef = AB3C0893154F96E900EEFA58 /* MainStoryboard_iPhone.storyboard */; };
		AB3C089C154F96E900EEFA58 /* main.m in Sources */ = {isa = PBXBuildFile; fileRef = AB3C0895154F96E900EEFA58 /* main.m */; };
		AB3C08BF154F972D00EEFA58 /* AVFoundation.framework in Frameworks */ = {isa = PBXBuildFile; fileRef = AB3C08BE154F972D00EEFA58 /* AVFoundation.framework */; };
		AB3E9A1716517F5E00307E5D /* Default-568h@2x.png in Resources */ = {isa = PBXBuildFile; fileRef = AB3E9A1616517F5E00307E5D /* Default-568h@2x.png */; };
		AB63F53D16A0DC6200D4E49F /* ADTLoadAd.m in Sources */ = {isa = PBXBuildFile; fileRef = AB63F53B16A0DC6200D4E49F /* ADTLoadAd.m */; };
		ABD8910F16CD9C3B00DFE9D5 /* ADTAudioRecorder.m in Sources */ = {isa = PBXBuildFile; fileRef = ABD890F616CD9C3B00DFE9D5 /* ADTAudioRecorder.m */; };
		ABD8911016CD9C3B00DFE9D5 /* ADTClient.m in Sources */ = {isa = PBXBuildFile; fileRef = ABD890F916CD9C3B00DFE9D5 /* ADTClient.m */; };
		ABD8911116CD9C3B00DFE9D5 /* ADTInfoPaneController.m in Sources */ = {isa = PBXBuildFile; fileRef = ABD890FE16CD9C3B00DFE9D5 /* ADTInfoPaneController.m */; };
		ABD8911216CD9C3B00DFE9D5 /* ADTLogging.m in Sources */ = {isa = PBXBuildFile; fileRef = ABD8910016CD9C3B00DFE9D5 /* ADTLogging.m */; };
		ABD8911316CD9C3B00DFE9D5 /* ADTRestAPI.m in Sources */ = {isa = PBXBuildFile; fileRef = ABD8910216CD9C3B00DFE9D5 /* ADTRestAPI.m */; };
		ABD8911416CD9C3B00DFE9D5 /* ADTRestEnvelope.m in Sources */ = {isa = PBXBuildFile; fileRef = ABD8910516CD9C3B00DFE9D5 /* ADTRestEnvelope.m */; };
		ABD8911516CD9C3B00DFE9D5 /* ADTUtils.m in Sources */ = {isa = PBXBuildFile; fileRef = ABD8910716CD9C3B00DFE9D5 /* ADTUtils.m */; };
		ABD8911616CD9C3B00DFE9D5 /* libADTAudioACR-universal.a in Frameworks */ = {isa = PBXBuildFile; fileRef = ABD8910C16CD9C3B00DFE9D5 /* libADTAudioACR-universal.a */; };
		ABD8911716CD9C7500DFE9D5 /* ADTInfoPane.xib in Resources */ = {isa = PBXBuildFile; fileRef = ABD890FC16CD9C3B00DFE9D5 /* ADTInfoPane.xib */; };
		ABD8911816CD9C7F00DFE9D5 /* adtonikLogo.tiff in Resources */ = {isa = PBXBuildFile; fileRef = ABD8910E16CD9C3B00DFE9D5 /* adtonikLogo.tiff */; };
/* End PBXBuildFile section */

/* Begin PBXContainerItemProxy section */
		AB0B23DB16B89A1100F8F69C /* PBXContainerItemProxy */ = {
			isa = PBXContainerItemProxy;
			containerPortal = AB3C085B154F96C700EEFA58 /* Project object */;
			proxyType = 1;
			remoteGlobalIDString = AB0B23B216B897CF00F8F69C;
			remoteInfo = ADTClient;
		};
/* End PBXContainerItemProxy section */

/* Begin PBXCopyFilesBuildPhase section */
		AB0B23B116B897CF00F8F69C /* CopyFiles */ = {
			isa = PBXCopyFilesBuildPhase;
			buildActionMask = 12;
			dstPath = "include/${PRODUCT_NAME}";
			dstSubfolderSpec = 7;
			files = (
			);
			runOnlyForDeploymentPostprocessing = 0;
		};
/* End PBXCopyFilesBuildPhase section */

/* Begin PBXFileReference section */
		AB09EF9D158C44BD00ADDE88 /* bg.png */ = {isa = PBXFileReference; lastKnownFileType = image.png; path = bg.png; sourceTree = "<group>"; };
		AB0B23B316B897CF00F8F69C /* libADTClient.a */ = {isa = PBXFileReference; explicitFileType = archive.ar; includeInIndex = 0; path = libADTClient.a; sourceTree = BUILT_PRODUCTS_DIR; };
		AB2C011616C5D294006F7156 /* QuartzCore.framework */ = {isa = PBXFileReference; lastKnownFileType = wrapper.framework; name = QuartzCore.framework; path = System/Library/Frameworks/QuartzCore.framework; sourceTree = SDKROOT; };
		AB3C0864154F96C700EEFA58 /* DemoApp.app */ = {isa = PBXFileReference; explicitFileType = wrapper.application; includeInIndex = 0; path = DemoApp.app; sourceTree = BUILT_PRODUCTS_DIR; };
		AB3C0868154F96C700EEFA58 /* UIKit.framework */ = {isa = PBXFileReference; lastKnownFileType = wrapper.framework; name = UIKit.framework; path = System/Library/Frameworks/UIKit.framework; sourceTree = SDKROOT; };
		AB3C086A154F96C700EEFA58 /* Foundation.framework */ = {isa = PBXFileReference; lastKnownFileType = wrapper.framework; name = Foundation.framework; path = System/Library/Frameworks/Foundation.framework; sourceTree = SDKROOT; };
		AB3C086C154F96C700EEFA58 /* CoreGraphics.framework */ = {isa = PBXFileReference; lastKnownFileType = wrapper.framework; name = CoreGraphics.framework; path = System/Library/Frameworks/CoreGraphics.framework; sourceTree = SDKROOT; };
		AB3C0889154F96E900EEFA58 /* ADTAppDelegate.h */ = {isa = PBXFileReference; fileEncoding = 4; lastKnownFileType = sourcecode.c.h; path = ADTAppDelegate.h; sourceTree = "<group>"; };
		AB3C088A154F96E900EEFA58 /* ADTAppDelegate.m */ = {isa = PBXFileReference; fileEncoding = 4; lastKnownFileType = sourcecode.c.objc; path = ADTAppDelegate.m; sourceTree = "<group>"; };
		AB3C088B154F96E900EEFA58 /* ADTViewController.h */ = {isa = PBXFileReference; fileEncoding = 4; lastKnownFileType = sourcecode.c.h; path = ADTViewController.h; sourceTree = "<group>"; };
		AB3C088C154F96E900EEFA58 /* ADTViewController.m */ = {isa = PBXFileReference; fileEncoding = 4; lastKnownFileType = sourcecode.c.objc; path = ADTViewController.m; sourceTree = "<group>"; };
		AB3C088D154F96E900EEFA58 /* DemoApp-Info.plist */ = {isa = PBXFileReference; fileEncoding = 4; lastKnownFileType = text.plist.xml; path = "DemoApp-Info.plist"; sourceTree = "<group>"; };
		AB3C088E154F96E900EEFA58 /* DemoApp-Prefix.pch */ = {isa = PBXFileReference; fileEncoding = 4; lastKnownFileType = sourcecode.c.h; path = "DemoApp-Prefix.pch"; sourceTree = "<group>"; };
		AB3C0890154F96E900EEFA58 /* en */ = {isa = PBXFileReference; lastKnownFileType = text.plist.strings; name = en; path = en.lproj/InfoPlist.strings; sourceTree = "<group>"; };
		AB3C0894154F96E900EEFA58 /* en */ = {isa = PBXFileReference; lastKnownFileType = file.storyboard; name = en; path = en.lproj/MainStoryboard_iPhone.storyboard; sourceTree = "<group>"; };
		AB3C0895154F96E900EEFA58 /* main.m */ = {isa = PBXFileReference; fileEncoding = 4; lastKnownFileType = sourcecode.c.objc; path = main.m; sourceTree = "<group>"; };
		AB3C08BE154F972D00EEFA58 /* AVFoundation.framework */ = {isa = PBXFileReference; lastKnownFileType = wrapper.framework; name = AVFoundation.framework; path = System/Library/Frameworks/AVFoundation.framework; sourceTree = SDKROOT; };
		AB3C08C0154F973300EEFA58 /* Accelerate.framework */ = {isa = PBXFileReference; lastKnownFileType = wrapper.framework; name = Accelerate.framework; path = System/Library/Frameworks/Accelerate.framework; sourceTree = SDKROOT; };
		AB3C08C6154F97C600EEFA58 /* AudioToolbox.framework */ = {isa = PBXFileReference; lastKnownFileType = wrapper.framework; name = AudioToolbox.framework; path = System/Library/Frameworks/AudioToolbox.framework; sourceTree = SDKROOT; };
		AB3E9A1616517F5E00307E5D /* Default-568h@2x.png */ = {isa = PBXFileReference; lastKnownFileType = image.png; path = "Default-568h@2x.png"; sourceTree = "<group>"; };
		AB3F092A1694D30C00132794 /* AdSupport.framework */ = {isa = PBXFileReference; lastKnownFileType = wrapper.framework; name = AdSupport.framework; path = System/Library/Frameworks/AdSupport.framework; sourceTree = SDKROOT; };
		AB63F53A16A0DC6200D4E49F /* ADTLoadAd.h */ = {isa = PBXFileReference; fileEncoding = 4; lastKnownFileType = sourcecode.c.h; path = ADTLoadAd.h; sourceTree = "<group>"; };
		AB63F53B16A0DC6200D4E49F /* ADTLoadAd.m */ = {isa = PBXFileReference; fileEncoding = 4; lastKnownFileType = sourcecode.c.objc; path = ADTLoadAd.m; sourceTree = "<group>"; };
		AB63F53C16A0DC6200D4E49F /* ADTLoadAdDelegate.h */ = {isa = PBXFileReference; fileEncoding = 4; lastKnownFileType = sourcecode.c.h; path = ADTLoadAdDelegate.h; sourceTree = "<group>"; };
		ABD890F516CD9C3B00DFE9D5 /* ADTAudioRecorder.h */ = {isa = PBXFileReference; fileEncoding = 4; lastKnownFileType = sourcecode.c.h; path = ADTAudioRecorder.h; sourceTree = "<group>"; };
		ABD890F616CD9C3B00DFE9D5 /* ADTAudioRecorder.m */ = {isa = PBXFileReference; fileEncoding = 4; lastKnownFileType = sourcecode.c.objc; path = ADTAudioRecorder.m; sourceTree = "<group>"; };
		ABD890F716CD9C3B00DFE9D5 /* ADTAudioRecorderDelegate.h */ = {isa = PBXFileReference; fileEncoding = 4; lastKnownFileType = sourcecode.c.h; path = ADTAudioRecorderDelegate.h; sourceTree = "<group>"; };
		ABD890F816CD9C3B00DFE9D5 /* ADTClient.h */ = {isa = PBXFileReference; fileEncoding = 4; lastKnownFileType = sourcecode.c.h; path = ADTClient.h; sourceTree = "<group>"; };
		ABD890F916CD9C3B00DFE9D5 /* ADTClient.m */ = {isa = PBXFileReference; fileEncoding = 4; lastKnownFileType = sourcecode.c.objc; path = ADTClient.m; sourceTree = "<group>"; };
		ABD890FA16CD9C3B00DFE9D5 /* ADTClientDelegate.h */ = {isa = PBXFileReference; fileEncoding = 4; lastKnownFileType = sourcecode.c.h; path = ADTClientDelegate.h; sourceTree = "<group>"; };
		ABD890FB16CD9C3B00DFE9D5 /* ADTConstants.h */ = {isa = PBXFileReference; fileEncoding = 4; lastKnownFileType = sourcecode.c.h; path = ADTConstants.h; sourceTree = "<group>"; };
		ABD890FC16CD9C3B00DFE9D5 /* ADTInfoPane.xib */ = {isa = PBXFileReference; fileEncoding = 4; lastKnownFileType = file.xib; path = ADTInfoPane.xib; sourceTree = "<group>"; };
		ABD890FD16CD9C3B00DFE9D5 /* ADTInfoPaneController.h */ = {isa = PBXFileReference; fileEncoding = 4; lastKnownFileType = sourcecode.c.h; path = ADTInfoPaneController.h; sourceTree = "<group>"; };
		ABD890FE16CD9C3B00DFE9D5 /* ADTInfoPaneController.m */ = {isa = PBXFileReference; fileEncoding = 4; lastKnownFileType = sourcecode.c.objc; path = ADTInfoPaneController.m; sourceTree = "<group>"; };
		ABD890FF16CD9C3B00DFE9D5 /* ADTLogging.h */ = {isa = PBXFileReference; fileEncoding = 4; lastKnownFileType = sourcecode.c.h; path = ADTLogging.h; sourceTree = "<group>"; };
		ABD8910016CD9C3B00DFE9D5 /* ADTLogging.m */ = {isa = PBXFileReference; fileEncoding = 4; lastKnownFileType = sourcecode.c.objc; path = ADTLogging.m; sourceTree = "<group>"; };
		ABD8910116CD9C3B00DFE9D5 /* ADTRestAPI.h */ = {isa = PBXFileReference; fileEncoding = 4; lastKnownFileType = sourcecode.c.h; path = ADTRestAPI.h; sourceTree = "<group>"; };
		ABD8910216CD9C3B00DFE9D5 /* ADTRestAPI.m */ = {isa = PBXFileReference; fileEncoding = 4; lastKnownFileType = sourcecode.c.objc; path = ADTRestAPI.m; sourceTree = "<group>"; };
		ABD8910316CD9C3B00DFE9D5 /* ADTRestAPIDelegate.h */ = {isa = PBXFileReference; fileEncoding = 4; lastKnownFileType = sourcecode.c.h; path = ADTRestAPIDelegate.h; sourceTree = "<group>"; };
		ABD8910416CD9C3B00DFE9D5 /* ADTRestEnvelope.h */ = {isa = PBXFileReference; fileEncoding = 4; lastKnownFileType = sourcecode.c.h; path = ADTRestEnvelope.h; sourceTree = "<group>"; };
		ABD8910516CD9C3B00DFE9D5 /* ADTRestEnvelope.m */ = {isa = PBXFileReference; fileEncoding = 4; lastKnownFileType = sourcecode.c.objc; path = ADTRestEnvelope.m; sourceTree = "<group>"; };
		ABD8910616CD9C3B00DFE9D5 /* ADTUtils.h */ = {isa = PBXFileReference; fileEncoding = 4; lastKnownFileType = sourcecode.c.h; path = ADTUtils.h; sourceTree = "<group>"; };
		ABD8910716CD9C3B00DFE9D5 /* ADTUtils.m */ = {isa = PBXFileReference; fileEncoding = 4; lastKnownFileType = sourcecode.c.objc; path = ADTUtils.m; sourceTree = "<group>"; };
		ABD8910816CD9C3B00DFE9D5 /* ADTVersion.h */ = {isa = PBXFileReference; fileEncoding = 4; lastKnownFileType = sourcecode.c.h; path = ADTVersion.h; sourceTree = "<group>"; };
		ABD8910916CD9C3B00DFE9D5 /* ADTVersion.h.in */ = {isa = PBXFileReference; fileEncoding = 4; lastKnownFileType = text; path = ADTVersion.h.in; sourceTree = "<group>"; };
		ABD8910B16CD9C3B00DFE9D5 /* ADTAudioACR.h */ = {isa = PBXFileReference; fileEncoding = 4; lastKnownFileType = sourcecode.c.h; path = ADTAudioACR.h; sourceTree = "<group>"; };
		ABD8910C16CD9C3B00DFE9D5 /* libADTAudioACR-universal.a */ = {isa = PBXFileReference; lastKnownFileType = archive.ar; path = "libADTAudioACR-universal.a"; sourceTree = "<group>"; };
		ABD8910E16CD9C3B00DFE9D5 /* adtonikLogo.tiff */ = {isa = PBXFileReference; lastKnownFileType = image.tiff; path = adtonikLogo.tiff; sourceTree = "<group>"; };
/* End PBXFileReference section */

/* Begin PBXFrameworksBuildPhase section */
		AB0B23B016B897CF00F8F69C /* Frameworks */ = {
			isa = PBXFrameworksBuildPhase;
			buildActionMask = 2147483647;
			files = (
				ABD8911616CD9C3B00DFE9D5 /* libADTAudioACR-universal.a in Frameworks */,
			);
			runOnlyForDeploymentPostprocessing = 0;
		};
		AB3C0861154F96C700EEFA58 /* Frameworks */ = {
			isa = PBXFrameworksBuildPhase;
			buildActionMask = 2147483647;
			files = (
				AB2C011716C5D294006F7156 /* QuartzCore.framework in Frameworks */,
				AB0B23DA16B899F900F8F69C /* AdSupport.framework in Frameworks */,
				AB0B23D916B899F300F8F69C /* AudioToolbox.framework in Frameworks */,
				AB0B23D816B899EE00F8F69C /* Accelerate.framework in Frameworks */,
				AB0B23D516B8996F00F8F69C /* libADTClient.a in Frameworks */,
				AB3C08BF154F972D00EEFA58 /* AVFoundation.framework in Frameworks */,
				AB3C0869154F96C700EEFA58 /* UIKit.framework in Frameworks */,
				AB3C086B154F96C700EEFA58 /* Foundation.framework in Frameworks */,
				AB3C086D154F96C700EEFA58 /* CoreGraphics.framework in Frameworks */,
			);
			runOnlyForDeploymentPostprocessing = 0;
		};
/* End PBXFrameworksBuildPhase section */

/* Begin PBXGroup section */
		AB3C0859154F96C700EEFA58 = {
			isa = PBXGroup;
			children = (
				ABD890F416CD9C3B00DFE9D5 /* adtonik-sdk */,
				AB3E9A1616517F5E00307E5D /* Default-568h@2x.png */,
				AB3C0888154F96E900EEFA58 /* Classes */,
				AB3C089D154F96F700EEFA58 /* Supporting Files */,
				AB3C0867154F96C700EEFA58 /* Frameworks */,
				AB3C0865154F96C700EEFA58 /* Products */,
				AB09EF9D158C44BD00ADDE88 /* bg.png */,
			);
			sourceTree = "<group>";
		};
		AB3C0865154F96C700EEFA58 /* Products */ = {
			isa = PBXGroup;
			children = (
				AB3C0864154F96C700EEFA58 /* DemoApp.app */,
				AB0B23B316B897CF00F8F69C /* libADTClient.a */,
			);
			name = Products;
			sourceTree = "<group>";
		};
		AB3C0867154F96C700EEFA58 /* Frameworks */ = {
			isa = PBXGroup;
			children = (
				AB2C011616C5D294006F7156 /* QuartzCore.framework */,
				AB3F092A1694D30C00132794 /* AdSupport.framework */,
				AB3C08BE154F972D00EEFA58 /* AVFoundation.framework */,
				AB3C08C0154F973300EEFA58 /* Accelerate.framework */,
				AB3C08C6154F97C600EEFA58 /* AudioToolbox.framework */,
				AB3C0868154F96C700EEFA58 /* UIKit.framework */,
				AB3C086A154F96C700EEFA58 /* Foundation.framework */,
				AB3C086C154F96C700EEFA58 /* CoreGraphics.framework */,
			);
			name = Frameworks;
			sourceTree = "<group>";
		};
		AB3C0888154F96E900EEFA58 /* Classes */ = {
			isa = PBXGroup;
			children = (
				AB63F53A16A0DC6200D4E49F /* ADTLoadAd.h */,
				AB63F53B16A0DC6200D4E49F /* ADTLoadAd.m */,
				AB63F53C16A0DC6200D4E49F /* ADTLoadAdDelegate.h */,
				AB3C0889154F96E900EEFA58 /* ADTAppDelegate.h */,
				AB3C088A154F96E900EEFA58 /* ADTAppDelegate.m */,
				AB3C088B154F96E900EEFA58 /* ADTViewController.h */,
				AB3C088C154F96E900EEFA58 /* ADTViewController.m */,
			);
			path = Classes;
			sourceTree = "<group>";
		};
		AB3C089D154F96F700EEFA58 /* Supporting Files */ = {
			isa = PBXGroup;
			children = (
				AB3C0895154F96E900EEFA58 /* main.m */,
				AB3C088D154F96E900EEFA58 /* DemoApp-Info.plist */,
				AB3C088E154F96E900EEFA58 /* DemoApp-Prefix.pch */,
				AB3C088F154F96E900EEFA58 /* InfoPlist.strings */,
				AB3C0893154F96E900EEFA58 /* MainStoryboard_iPhone.storyboard */,
			);
			name = "Supporting Files";
			path = Classes;
			sourceTree = "<group>";
		};
		ABD890F416CD9C3B00DFE9D5 /* adtonik-sdk */ = {
			isa = PBXGroup;
			children = (
				ABD890F516CD9C3B00DFE9D5 /* ADTAudioRecorder.h */,
				ABD890F616CD9C3B00DFE9D5 /* ADTAudioRecorder.m */,
				ABD890F716CD9C3B00DFE9D5 /* ADTAudioRecorderDelegate.h */,
				ABD890F816CD9C3B00DFE9D5 /* ADTClient.h */,
				ABD890F916CD9C3B00DFE9D5 /* ADTClient.m */,
				ABD890FA16CD9C3B00DFE9D5 /* ADTClientDelegate.h */,
				ABD890FB16CD9C3B00DFE9D5 /* ADTConstants.h */,
				ABD890FC16CD9C3B00DFE9D5 /* ADTInfoPane.xib */,
				ABD890FD16CD9C3B00DFE9D5 /* ADTInfoPaneController.h */,
				ABD890FE16CD9C3B00DFE9D5 /* ADTInfoPaneController.m */,
				ABD890FF16CD9C3B00DFE9D5 /* ADTLogging.h */,
				ABD8910016CD9C3B00DFE9D5 /* ADTLogging.m */,
				ABD8910116CD9C3B00DFE9D5 /* ADTRestAPI.h */,
				ABD8910216CD9C3B00DFE9D5 /* ADTRestAPI.m */,
				ABD8910316CD9C3B00DFE9D5 /* ADTRestAPIDelegate.h */,
				ABD8910416CD9C3B00DFE9D5 /* ADTRestEnvelope.h */,
				ABD8910516CD9C3B00DFE9D5 /* ADTRestEnvelope.m */,
				ABD8910616CD9C3B00DFE9D5 /* ADTUtils.h */,
				ABD8910716CD9C3B00DFE9D5 /* ADTUtils.m */,
				ABD8910816CD9C3B00DFE9D5 /* ADTVersion.h */,
				ABD8910916CD9C3B00DFE9D5 /* ADTVersion.h.in */,
				ABD8910A16CD9C3B00DFE9D5 /* libacr */,
				ABD8910D16CD9C3B00DFE9D5 /* spinner */,
			);
			name = "adtonik-sdk";
			path = "../adtonik-sdk";
			sourceTree = "<group>";
		};
		ABD8910A16CD9C3B00DFE9D5 /* libacr */ = {
			isa = PBXGroup;
			children = (
				ABD8910B16CD9C3B00DFE9D5 /* ADTAudioACR.h */,
				ABD8910C16CD9C3B00DFE9D5 /* libADTAudioACR-universal.a */,
			);
			path = libacr;
			sourceTree = "<group>";
		};
		ABD8910D16CD9C3B00DFE9D5 /* spinner */ = {
			isa = PBXGroup;
			children = (
				ABD8910E16CD9C3B00DFE9D5 /* adtonikLogo.tiff */,
			);
			path = spinner;
			sourceTree = "<group>";
		};
/* End PBXGroup section */

/* Begin PBXNativeTarget section */
		AB0B23B216B897CF00F8F69C /* ADTClient */ = {
			isa = PBXNativeTarget;
			buildConfigurationList = AB0B23BC16B897CF00F8F69C /* Build configuration list for PBXNativeTarget "ADTClient" */;
			buildPhases = (
				AB0B23AF16B897CF00F8F69C /* Sources */,
				AB0B23B016B897CF00F8F69C /* Frameworks */,
				AB0B23B116B897CF00F8F69C /* CopyFiles */,
			);
			buildRules = (
			);
			dependencies = (
			);
			name = ADTClient;
			productName = ADTClient;
			productReference = AB0B23B316B897CF00F8F69C /* libADTClient.a */;
			productType = "com.apple.product-type.library.static";
		};
		AB3C0863154F96C700EEFA58 /* DemoApp */ = {
			isa = PBXNativeTarget;
			buildConfigurationList = AB3C0885154F96C700EEFA58 /* Build configuration list for PBXNativeTarget "DemoApp" */;
			buildPhases = (
				AB3C0860154F96C700EEFA58 /* Sources */,
				AB3C0861154F96C700EEFA58 /* Frameworks */,
				AB3C0862154F96C700EEFA58 /* Resources */,
			);
			buildRules = (
			);
			dependencies = (
				AB0B23DC16B89A1100F8F69C /* PBXTargetDependency */,
			);
			name = DemoApp;
			productName = DemoApp;
			productReference = AB3C0864154F96C700EEFA58 /* DemoApp.app */;
			productType = "com.apple.product-type.application";
		};
/* End PBXNativeTarget section */

/* Begin PBXProject section */
		AB3C085B154F96C700EEFA58 /* Project object */ = {
			isa = PBXProject;
			attributes = {
				CLASSPREFIX = ADT;
				LastUpgradeCheck = 0460;
				ORGANIZATIONNAME = "AdTonik, Inc.";
			};
			buildConfigurationList = AB3C085E154F96C700EEFA58 /* Build configuration list for PBXProject "DemoApp" */;
			compatibilityVersion = "Xcode 3.2";
			developmentRegion = English;
			hasScannedForEncodings = 0;
			knownRegions = (
				en,
			);
			mainGroup = AB3C0859154F96C700EEFA58;
			productRefGroup = AB3C0865154F96C700EEFA58 /* Products */;
			projectDirPath = "";
			projectRoot = "";
			targets = (
				AB3C0863154F96C700EEFA58 /* DemoApp */,
				AB0B23B216B897CF00F8F69C /* ADTClient */,
			);
		};
/* End PBXProject section */

/* Begin PBXResourcesBuildPhase section */
		AB3C0862154F96C700EEFA58 /* Resources */ = {
			isa = PBXResourcesBuildPhase;
			buildActionMask = 2147483647;
			files = (
				ABD8911816CD9C7F00DFE9D5 /* adtonikLogo.tiff in Resources */,
				ABD8911716CD9C7500DFE9D5 /* ADTInfoPane.xib in Resources */,
				AB3C0899154F96E900EEFA58 /* InfoPlist.strings in Resources */,
				AB3C089B154F96E900EEFA58 /* MainStoryboard_iPhone.storyboard in Resources */,
				AB09EF9E158C44BD00ADDE88 /* bg.png in Resources */,
				AB3E9A1716517F5E00307E5D /* Default-568h@2x.png in Resources */,
			);
			runOnlyForDeploymentPostprocessing = 0;
		};
/* End PBXResourcesBuildPhase section */

/* Begin PBXSourcesBuildPhase section */
		AB0B23AF16B897CF00F8F69C /* Sources */ = {
			isa = PBXSourcesBuildPhase;
			buildActionMask = 2147483647;
			files = (
				ABD8910F16CD9C3B00DFE9D5 /* ADTAudioRecorder.m in Sources */,
				ABD8911016CD9C3B00DFE9D5 /* ADTClient.m in Sources */,
				ABD8911116CD9C3B00DFE9D5 /* ADTInfoPaneController.m in Sources */,
				ABD8911216CD9C3B00DFE9D5 /* ADTLogging.m in Sources */,
				ABD8911316CD9C3B00DFE9D5 /* ADTRestAPI.m in Sources */,
				ABD8911416CD9C3B00DFE9D5 /* ADTRestEnvelope.m in Sources */,
				ABD8911516CD9C3B00DFE9D5 /* ADTUtils.m in Sources */,
			);
			runOnlyForDeploymentPostprocessing = 0;
		};
		AB3C0860154F96C700EEFA58 /* Sources */ = {
			isa = PBXSourcesBuildPhase;
			buildActionMask = 2147483647;
			files = (
				AB3C0896154F96E900EEFA58 /* ADTAppDelegate.m in Sources */,
				AB3C0897154F96E900EEFA58 /* ADTViewController.m in Sources */,
				AB3C089C154F96E900EEFA58 /* main.m in Sources */,
				AB63F53D16A0DC6200D4E49F /* ADTLoadAd.m in Sources */,
			);
			runOnlyForDeploymentPostprocessing = 0;
		};
/* End PBXSourcesBuildPhase section */

/* Begin PBXTargetDependency section */
		AB0B23DC16B89A1100F8F69C /* PBXTargetDependency */ = {
			isa = PBXTargetDependency;
			target = AB0B23B216B897CF00F8F69C /* ADTClient */;
			targetProxy = AB0B23DB16B89A1100F8F69C /* PBXContainerItemProxy */;
		};
/* End PBXTargetDependency section */

/* Begin PBXVariantGroup section */
		AB3C088F154F96E900EEFA58 /* InfoPlist.strings */ = {
			isa = PBXVariantGroup;
			children = (
				AB3C0890154F96E900EEFA58 /* en */,
			);
			name = InfoPlist.strings;
			sourceTree = "<group>";
		};
		AB3C0893154F96E900EEFA58 /* MainStoryboard_iPhone.storyboard */ = {
			isa = PBXVariantGroup;
			children = (
				AB3C0894154F96E900EEFA58 /* en */,
			);
			name = MainStoryboard_iPhone.storyboard;
			sourceTree = "<group>";
		};
/* End PBXVariantGroup section */

/* Begin XCBuildConfiguration section */
		AB0B23BD16B897CF00F8F69C /* Debug */ = {
			isa = XCBuildConfiguration;
			buildSettings = {
				ARCHS = "$(ARCHS_STANDARD_32_BIT)";
				CLANG_CXX_LANGUAGE_STANDARD = "gnu++0x";
				CLANG_CXX_LIBRARY = "libc++";
				CLANG_ENABLE_OBJC_ARC = YES;
				CLANG_WARN_EMPTY_BODY = YES;
				CLANG_WARN__DUPLICATE_METHOD_MATCH = YES;
				DSTROOT = /tmp/ADTClient.dst;
				GCC_PRECOMPILE_PREFIX_HEADER = YES;
				IPHONEOS_DEPLOYMENT_TARGET = 5.1;
				LIBRARY_SEARCH_PATHS = (
					"$(inherited)",
					"\"$(SRCROOT)/../../src/libacr\"",
					"\"$(SRCROOT)/../adtonik-sdk/libacr\"",
				);
				ONLY_ACTIVE_ARCH = YES;
				OTHER_LDFLAGS = "-ObjC";
				PRODUCT_NAME = "$(TARGET_NAME)";
				SKIP_INSTALL = YES;
			};
			name = Debug;
		};
		AB0B23BE16B897CF00F8F69C /* Release */ = {
			isa = XCBuildConfiguration;
			buildSettings = {
				ARCHS = "$(ARCHS_STANDARD_32_BIT)";
				CLANG_CXX_LANGUAGE_STANDARD = "gnu++0x";
				CLANG_CXX_LIBRARY = "libc++";
				CLANG_ENABLE_OBJC_ARC = YES;
				CLANG_WARN_EMPTY_BODY = YES;
				CLANG_WARN__DUPLICATE_METHOD_MATCH = YES;
				DSTROOT = /tmp/ADTClient.dst;
				GCC_PRECOMPILE_PREFIX_HEADER = YES;
				IPHONEOS_DEPLOYMENT_TARGET = 5.1;
				LIBRARY_SEARCH_PATHS = (
					"$(inherited)",
					"\"$(SRCROOT)/../../src/libacr\"",
					"\"$(SRCROOT)/../adtonik-sdk/libacr\"",
				);
				OTHER_LDFLAGS = "-ObjC";
				PRODUCT_NAME = "$(TARGET_NAME)";
				SKIP_INSTALL = YES;
			};
			name = Release;
		};
		AB3C0883154F96C700EEFA58 /* Debug */ = {
			isa = XCBuildConfiguration;
			buildSettings = {
				ALWAYS_SEARCH_USER_PATHS = NO;
				ARCHS = armv7;
				CLANG_WARN_CONSTANT_CONVERSION = YES;
				CLANG_WARN_ENUM_CONVERSION = YES;
				CLANG_WARN_INT_CONVERSION = YES;
				CLANG_WARN__DUPLICATE_METHOD_MATCH = YES;
				"CODE_SIGN_IDENTITY[sdk=iphoneos*]" = "iPhone Developer";
				COPY_PHASE_STRIP = NO;
				GCC_C_LANGUAGE_STANDARD = gnu99;
				GCC_DYNAMIC_NO_PIC = NO;
				GCC_OPTIMIZATION_LEVEL = 0;
				GCC_PREPROCESSOR_DEFINITIONS = (
					"DEBUG=1",
					"$(inherited)",
				);
				GCC_SYMBOLS_PRIVATE_EXTERN = NO;
				GCC_VERSION = com.apple.compilers.llvm.clang.1_0;
				GCC_WARN_ABOUT_RETURN_TYPE = YES;
				GCC_WARN_UNINITIALIZED_AUTOS = YES;
				GCC_WARN_UNUSED_VARIABLE = YES;
				IPHONEOS_DEPLOYMENT_TARGET = 6.0;
				SDKROOT = iphoneos;
				TARGETED_DEVICE_FAMILY = "1,2";
				VALID_ARCHS = armv7;
			};
			name = Debug;
		};
		AB3C0884154F96C700EEFA58 /* Release */ = {
			isa = XCBuildConfiguration;
			buildSettings = {
				ALWAYS_SEARCH_USER_PATHS = NO;
				ARCHS = armv7;
				CLANG_WARN_CONSTANT_CONVERSION = YES;
				CLANG_WARN_ENUM_CONVERSION = YES;
				CLANG_WARN_INT_CONVERSION = YES;
				CLANG_WARN__DUPLICATE_METHOD_MATCH = YES;
				"CODE_SIGN_IDENTITY[sdk=iphoneos*]" = "iPhone Developer";
				COPY_PHASE_STRIP = YES;
				GCC_C_LANGUAGE_STANDARD = gnu99;
				GCC_VERSION = com.apple.compilers.llvm.clang.1_0;
				GCC_WARN_ABOUT_RETURN_TYPE = YES;
				GCC_WARN_UNINITIALIZED_AUTOS = YES;
				GCC_WARN_UNUSED_VARIABLE = YES;
				IPHONEOS_DEPLOYMENT_TARGET = 6.0;
				OTHER_CFLAGS = "-DNS_BLOCK_ASSERTIONS=1";
				SDKROOT = iphoneos;
				TARGETED_DEVICE_FAMILY = "1,2";
				VALIDATE_PRODUCT = YES;
				VALID_ARCHS = armv7;
			};
			name = Release;
		};
		AB3C0886154F96C700EEFA58 /* Debug */ = {
			isa = XCBuildConfiguration;
			buildSettings = {
				ALWAYS_SEARCH_USER_PATHS = NO;
				ARCHS = "$(ARCHS_STANDARD_32_BIT)";
				CLANG_ENABLE_OBJC_ARC = YES;
				FRAMEWORK_SEARCH_PATHS = (
					"$(DEVELOPER_LIBRARY_DIR)/Frameworks",
					"$(SDKROOT)/Developer/Library/Frameworks",
					"$(inherited)",
					"\"$(SYSTEM_APPS_DIR)/Xcode.app/Contents/Developer/Library/Frameworks\"",
					"$(SDKROOT)/Developer/Library/Frameworks",
					"\"$(SRCROOT)/../../..\"",
					"\"$(SRCROOT)\"",
				);
				GCC_PRECOMPILE_PREFIX_HEADER = YES;
				GCC_PREFIX_HEADER = "Classes/DemoApp-Prefix.pch";
				GCC_PREPROCESSOR_DEFINITIONS = "$(inherited)";
				HEADER_SEARCH_PATHS = "";
				INFOPLIST_FILE = "Classes/DemoApp-Info.plist";
				IPHONEOS_DEPLOYMENT_TARGET = 5.1;
				LIBRARY_SEARCH_PATHS = (
					"$(inherited)",
					"\"$(SRCROOT)/..\"",
				);
				ONLY_ACTIVE_ARCH = NO;
				OTHER_LDFLAGS = "";
				PRODUCT_NAME = "$(TARGET_NAME)";
				TARGETED_DEVICE_FAMILY = 1;
				USER_HEADER_SEARCH_PATHS = "";
				VALID_ARCHS = "i386 armv7";
				WRAPPER_EXTENSION = app;
			};
			name = Debug;
		};
		AB3C0887154F96C700EEFA58 /* Release */ = {
			isa = XCBuildConfiguration;
			buildSettings = {
				ALWAYS_SEARCH_USER_PATHS = NO;
				ARCHS = "$(ARCHS_STANDARD_32_BIT)";
				CLANG_ENABLE_OBJC_ARC = YES;
				FRAMEWORK_SEARCH_PATHS = (
					"$(DEVELOPER_LIBRARY_DIR)/Frameworks",
					"$(SDKROOT)/Developer/Library/Frameworks",
					"$(inherited)",
					"\"$(SYSTEM_APPS_DIR)/Xcode.app/Contents/Developer/Library/Frameworks\"",
					"$(SDKROOT)/Developer/Library/Frameworks",
					"\"$(SRCROOT)/../../..\"",
					"\"$(SRCROOT)\"",
				);
				GCC_PRECOMPILE_PREFIX_HEADER = YES;
				GCC_PREFIX_HEADER = "Classes/DemoApp-Prefix.pch";
				HEADER_SEARCH_PATHS = "";
				INFOPLIST_FILE = "Classes/DemoApp-Info.plist";
				IPHONEOS_DEPLOYMENT_TARGET = 5.1;
				LIBRARY_SEARCH_PATHS = (
					"$(inherited)",
					"\"$(SRCROOT)/..\"",
				);
				ONLY_ACTIVE_ARCH = NO;
				OTHER_LDFLAGS = "";
				PRODUCT_NAME = "$(TARGET_NAME)";
				TARGETED_DEVICE_FAMILY = 1;
				USER_HEADER_SEARCH_PATHS = "";
				VALID_ARCHS = "i386 armv7";
				WRAPPER_EXTENSION = app;
			};
			name = Release;
		};
/* End XCBuildConfiguration section */

/* Begin XCConfigurationList section */
		AB0B23BC16B897CF00F8F69C /* Build configuration list for PBXNativeTarget "ADTClient" */ = {
			isa = XCConfigurationList;
			buildConfigurations = (
				AB0B23BD16B897CF00F8F69C /* Debug */,
				AB0B23BE16B897CF00F8F69C /* Release */,
			);
			defaultConfigurationIsVisible = 0;
			defaultConfigurationName = Release;
		};
		AB3C085E154F96C700EEFA58 /* Build configuration list for PBXProject "DemoApp" */ = {
			isa = XCConfigurationList;
			buildConfigurations = (
				AB3C0883154F96C700EEFA58 /* Debug */,
				AB3C0884154F96C700EEFA58 /* Release */,
			);
			defaultConfigurationIsVisible = 0;
			defaultConfigurationName = Release;
		};
		AB3C0885154F96C700EEFA58 /* Build configuration list for PBXNativeTarget "DemoApp" */ = {
			isa = XCConfigurationList;
			buildConfigurations = (
				AB3C0886154F96C700EEFA58 /* Debug */,
				AB3C0887154F96C700EEFA58 /* Release */,
			);
			defaultConfigurationIsVisible = 0;
			defaultConfigurationName = Release;
		};
/* End XCConfigurationList section */
	};
	rootObject = AB3C085B154F96C700EEFA58 /* Project object */;
}
